{
  "name": "rovolution_api_wrapper",
  "version": "1.0.0",
  "lockfileVersion": 2,
  "requires": true,
  "packages": {
    "": {
      "name": "rovolution_api_wrapper",
      "version": "1.0.0",
      "license": "ISC",
      "devDependencies": {
        "@rbxts/compiler-types": "^1.2.3-types.1",
        "@rbxts/types": "^1.0.586"
      }
    },
    "node_modules/@rbxts/compiler-types": {
      "version": "1.2.3-types.1",
      "resolved": "https://registry.npmjs.org/@rbxts/compiler-types/-/compiler-types-1.2.3-types.1.tgz",
      "integrity": "sha512-SXXIBazyJ7N6d2xcy471/kqZZpCv7EDOWrRJ45jcv3g00VQaZwYl4Elr10woqRloIblQanwJ7yUqGXAsWv7iuQ==",
      "dev": true
    },
    "node_modules/@rbxts/types": {
      "version": "1.0.586",
      "resolved": "https://registry.npmjs.org/@rbxts/types/-/types-1.0.586.tgz",
      "integrity": "sha512-+KqviowpIdn3adLViXVUPaH2LqkgSV3xy+lM9bCoi9Gj3y3k+t8J2FG/ClNiUHxWTv/8vYzitagAbwUwePkt7g==",
      "dev": true
    }
  },
  "dependencies": {
    "@rbxts/compiler-types": {
      "version": "1.2.3-types.1",
      "resolved": "https://registry.npmjs.org/@rbxts/compiler-types/-/compiler-types-1.2.3-types.1.tgz",
      "integrity": "sha512-SXXIBazyJ7N6d2xcy471/kqZZpCv7EDOWrRJ45jcv3g00VQaZwYl4Elr10woqRloIblQanwJ7yUqGXAsWv7iuQ==",
      "dev": true
    },
    "@rbxts/types": {
      "version": "1.0.586",
      "resolved": "https://registry.npmjs.org/@rbxts/types/-/types-1.0.586.tgz",
      "integrity": "sha512-+KqviowpIdn3adLViXVUPaH2LqkgSV3xy+lM9bCoi9Gj3y3k+t8J2FG/ClNiUHxWTv/8vYzitagAbwUwePkt7g==",
      "dev": true
    }
  }
}
